
Microsoft Visual Studio Solution File, Format Version 12.00
# Visual Studio Version 17
VisualStudioVersion = 17.5.33627.172
MinimumVisualStudioVersion = 10.0.40219.1
Project("{FAE04EC0-301F-11D3-BF4B-00C04F79EFBC}") = "HotelFinder", "HotelFinder\HotelFinder.csproj", "{FF312A42-CBC9-4CDB-B20F-723D61FDA8A5}"
EndProject
Project("{FAE04EC0-301F-11D3-BF4B-00C04F79EFBC}") = "HotelFinder.Entities", "HotelFinder.Entities\HotelFinder.Entities.csproj", "{D7C934ED-E012-4245-8AFC-8B73C227E8D4}"
EndProject
Project("{FAE04EC0-301F-11D3-BF4B-00C04F79EFBC}") = "HotelFinder.DataAccess", "HotelFinder.DataAccess\HotelFinder.DataAccess.csproj", "{E2BA861F-F8B7-4B6C-8385-4EF87A3A845A}"
EndProject
Project("{FAE04EC0-301F-11D3-BF4B-00C04F79EFBC}") = "HotelFinder.Business", "HotelFinder.Business\HotelFinder.Business.csproj", "{B9AE262A-631C-4334-8EAE-E93227E6C5C5}"
EndProject
Project("{FAE04EC0-301F-11D3-BF4B-00C04F79EFBC}") = "HotelFinder.API", "HotelFinder.API\HotelFinder.API.csproj", "{8CD74311-8D7A-4E60-B20E-086B972182A3}"
EndProject
Global
	GlobalSection(SolutionConfigurationPlatforms) = preSolution
		Debug|Any CPU = Debug|Any CPU
		Debug|ARM = Debug|ARM
		Debug|ARM64 = Debug|ARM64
		Debug|x64 = Debug|x64
		Debug|x86 = Debug|x86
		Release|Any CPU = Release|Any CPU
		Release|ARM = Release|ARM
		Release|ARM64 = Release|ARM64
		Release|x64 = Release|x64
		Release|x86 = Release|x86
	EndGlobalSection
	GlobalSection(ProjectConfigurationPlatforms) = postSolution
		{FF312A42-CBC9-4CDB-B20F-723D61FDA8A5}.Debug|Any CPU.ActiveCfg = Debug|x64
		{FF312A42-CBC9-4CDB-B20F-723D61FDA8A5}.Debug|Any CPU.Build.0 = Debug|x64
		{FF312A42-CBC9-4CDB-B20F-723D61FDA8A5}.Debug|Any CPU.Deploy.0 = Debug|x64
		{FF312A42-CBC9-4CDB-B20F-723D61FDA8A5}.Debug|ARM.ActiveCfg = Debug|ARM
		{FF312A42-CBC9-4CDB-B20F-723D61FDA8A5}.Debug|ARM.Build.0 = Debug|ARM
		{FF312A42-CBC9-4CDB-B20F-723D61FDA8A5}.Debug|ARM.Deploy.0 = Debug|ARM
		{FF312A42-CBC9-4CDB-B20F-723D61FDA8A5}.Debug|ARM64.ActiveCfg = Debug|ARM64
		{FF312A42-CBC9-4CDB-B20F-723D61FDA8A5}.Debug|ARM64.Build.0 = Debug|ARM64
		{FF312A42-CBC9-4CDB-B20F-723D61FDA8A5}.Debug|ARM64.Deploy.0 = Debug|ARM64
		{FF312A42-CBC9-4CDB-B20F-723D61FDA8A5}.Debug|x64.ActiveCfg = Debug|x64
		{FF312A42-CBC9-4CDB-B20F-723D61FDA8A5}.Debug|x64.Build.0 = Debug|x64
		{FF312A42-CBC9-4CDB-B20F-723D61FDA8A5}.Debug|x64.Deploy.0 = Debug|x64
		{FF312A42-CBC9-4CDB-B20F-723D61FDA8A5}.Debug|x86.ActiveCfg = Debug|x86
		{FF312A42-CBC9-4CDB-B20F-723D61FDA8A5}.Debug|x86.Build.0 = Debug|x86
		{FF312A42-CBC9-4CDB-B20F-723D61FDA8A5}.Debug|x86.Deploy.0 = Debug|x86
		{FF312A42-CBC9-4CDB-B20F-723D61FDA8A5}.Release|Any CPU.ActiveCfg = Release|x64
		{FF312A42-CBC9-4CDB-B20F-723D61FDA8A5}.Release|Any CPU.Build.0 = Release|x64
		{FF312A42-CBC9-4CDB-B20F-723D61FDA8A5}.Release|Any CPU.Deploy.0 = Release|x64
		{FF312A42-CBC9-4CDB-B20F-723D61FDA8A5}.Release|ARM.ActiveCfg = Release|ARM
		{FF312A42-CBC9-4CDB-B20F-723D61FDA8A5}.Release|ARM.Build.0 = Release|ARM
		{FF312A42-CBC9-4CDB-B20F-723D61FDA8A5}.Release|ARM.Deploy.0 = Release|ARM
		{FF312A42-CBC9-4CDB-B20F-723D61FDA8A5}.Release|ARM64.ActiveCfg = Release|ARM64
		{FF312A42-CBC9-4CDB-B20F-723D61FDA8A5}.Release|ARM64.Build.0 = Release|ARM64
		{FF312A42-CBC9-4CDB-B20F-723D61FDA8A5}.Release|ARM64.Deploy.0 = Release|ARM64
		{FF312A42-CBC9-4CDB-B20F-723D61FDA8A5}.Release|x64.ActiveCfg = Release|x64
		{FF312A42-CBC9-4CDB-B20F-723D61FDA8A5}.Release|x64.Build.0 = Release|x64
		{FF312A42-CBC9-4CDB-B20F-723D61FDA8A5}.Release|x64.Deploy.0 = Release|x64
		{FF312A42-CBC9-4CDB-B20F-723D61FDA8A5}.Release|x86.ActiveCfg = Release|x86
		{FF312A42-CBC9-4CDB-B20F-723D61FDA8A5}.Release|x86.Build.0 = Release|x86
		{FF312A42-CBC9-4CDB-B20F-723D61FDA8A5}.Release|x86.Deploy.0 = Release|x86
		{D7C934ED-E012-4245-8AFC-8B73C227E8D4}.Debug|Any CPU.ActiveCfg = Debug|Any CPU
		{D7C934ED-E012-4245-8AFC-8B73C227E8D4}.Debug|Any CPU.Build.0 = Debug|Any CPU
		{D7C934ED-E012-4245-8AFC-8B73C227E8D4}.Debug|ARM.ActiveCfg = Debug|Any CPU
		{D7C934ED-E012-4245-8AFC-8B73C227E8D4}.Debug|ARM.Build.0 = Debug|Any CPU
		{D7C934ED-E012-4245-8AFC-8B73C227E8D4}.Debug|ARM64.ActiveCfg = Debug|Any CPU
		{D7C934ED-E012-4245-8AFC-8B73C227E8D4}.Debug|ARM64.Build.0 = Debug|Any CPU
		{D7C934ED-E012-4245-8AFC-8B73C227E8D4}.Debug|x64.ActiveCfg = Debug|Any CPU
		{D7C934ED-E012-4245-8AFC-8B73C227E8D4}.Debug|x64.Build.0 = Debug|Any CPU
		{D7C934ED-E012-4245-8AFC-8B73C227E8D4}.Debug|x86.ActiveCfg = Debug|Any CPU
		{D7C934ED-E012-4245-8AFC-8B73C227E8D4}.Debug|x86.Build.0 = Debug|Any CPU
		{D7C934ED-E012-4245-8AFC-8B73C227E8D4}.Release|Any CPU.ActiveCfg = Release|Any CPU
		{D7C934ED-E012-4245-8AFC-8B73C227E8D4}.Release|Any CPU.Build.0 = Release|Any CPU
		{D7C934ED-E012-4245-8AFC-8B73C227E8D4}.Release|ARM.ActiveCfg = Release|Any CPU
		{D7C934ED-E012-4245-8AFC-8B73C227E8D4}.Release|ARM.Build.0 = Release|Any CPU
		{D7C934ED-E012-4245-8AFC-8B73C227E8D4}.Release|ARM64.ActiveCfg = Release|Any CPU
		{D7C934ED-E012-4245-8AFC-8B73C227E8D4}.Release|ARM64.Build.0 = Release|Any CPU
		{D7C934ED-E012-4245-8AFC-8B73C227E8D4}.Release|x64.ActiveCfg = Release|Any CPU
		{D7C934ED-E012-4245-8AFC-8B73C227E8D4}.Release|x64.Build.0 = Release|Any CPU
		{D7C934ED-E012-4245-8AFC-8B73C227E8D4}.Release|x86.ActiveCfg = Release|Any CPU
		{D7C934ED-E012-4245-8AFC-8B73C227E8D4}.Release|x86.Build.0 = Release|Any CPU
		{E2BA861F-F8B7-4B6C-8385-4EF87A3A845A}.Debug|Any CPU.ActiveCfg = Debug|Any CPU
		{E2BA861F-F8B7-4B6C-8385-4EF87A3A845A}.Debug|Any CPU.Build.0 = Debug|Any CPU
		{E2BA861F-F8B7-4B6C-8385-4EF87A3A845A}.Debug|ARM.ActiveCfg = Debug|Any CPU
		{E2BA861F-F8B7-4B6C-8385-4EF87A3A845A}.Debug|ARM.Build.0 = Debug|Any CPU
		{E2BA861F-F8B7-4B6C-8385-4EF87A3A845A}.Debug|ARM64.ActiveCfg = Debug|Any CPU
		{E2BA861F-F8B7-4B6C-8385-4EF87A3A845A}.Debug|ARM64.Build.0 = Debug|Any CPU
		{E2BA861F-F8B7-4B6C-8385-4EF87A3A845A}.Debug|x64.ActiveCfg = Debug|Any CPU
		{E2BA861F-F8B7-4B6C-8385-4EF87A3A845A}.Debug|x64.Build.0 = Debug|Any CPU
		{E2BA861F-F8B7-4B6C-8385-4EF87A3A845A}.Debug|x86.ActiveCfg = Debug|Any CPU
		{E2BA861F-F8B7-4B6C-8385-4EF87A3A845A}.Debug|x86.Build.0 = Debug|Any CPU
		{E2BA861F-F8B7-4B6C-8385-4EF87A3A845A}.Release|Any CPU.ActiveCfg = Release|Any CPU
		{E2BA861F-F8B7-4B6C-8385-4EF87A3A845A}.Release|Any CPU.Build.0 = Release|Any CPU
		{E2BA861F-F8B7-4B6C-8385-4EF87A3A845A}.Release|ARM.ActiveCfg = Release|Any CPU
		{E2BA861F-F8B7-4B6C-8385-4EF87A3A845A}.Release|ARM.Build.0 = Release|Any CPU
		{E2BA861F-F8B7-4B6C-8385-4EF87A3A845A}.Release|ARM64.ActiveCfg = Release|Any CPU
		{E2BA861F-F8B7-4B6C-8385-4EF87A3A845A}.Release|ARM64.Build.0 = Release|Any CPU
		{E2BA861F-F8B7-4B6C-8385-4EF87A3A845A}.Release|x64.ActiveCfg = Release|Any CPU
		{E2BA861F-F8B7-4B6C-8385-4EF87A3A845A}.Release|x64.Build.0 = Release|Any CPU
		{E2BA861F-F8B7-4B6C-8385-4EF87A3A845A}.Release|x86.ActiveCfg = Release|Any CPU
		{E2BA861F-F8B7-4B6C-8385-4EF87A3A845A}.Release|x86.Build.0 = Release|Any CPU
		{B9AE262A-631C-4334-8EAE-E93227E6C5C5}.Debug|Any CPU.ActiveCfg = Debug|Any CPU
		{B9AE262A-631C-4334-8EAE-E93227E6C5C5}.Debug|Any CPU.Build.0 = Debug|Any CPU
		{B9AE262A-631C-4334-8EAE-E93227E6C5C5}.Debug|ARM.ActiveCfg = Debug|Any CPU
		{B9AE262A-631C-4334-8EAE-E93227E6C5C5}.Debug|ARM.Build.0 = Debug|Any CPU
		{B9AE262A-631C-4334-8EAE-E93227E6C5C5}.Debug|ARM64.ActiveCfg = Debug|Any CPU
		{B9AE262A-631C-4334-8EAE-E93227E6C5C5}.Debug|ARM64.Build.0 = Debug|Any CPU
		{B9AE262A-631C-4334-8EAE-E93227E6C5C5}.Debug|x64.ActiveCfg = Debug|Any CPU
		{B9AE262A-631C-4334-8EAE-E93227E6C5C5}.Debug|x64.Build.0 = Debug|Any CPU
		{B9AE262A-631C-4334-8EAE-E93227E6C5C5}.Debug|x86.ActiveCfg = Debug|Any CPU
		{B9AE262A-631C-4334-8EAE-E93227E6C5C5}.Debug|x86.Build.0 = Debug|Any CPU
		{B9AE262A-631C-4334-8EAE-E93227E6C5C5}.Release|Any CPU.ActiveCfg = Release|Any CPU
		{B9AE262A-631C-4334-8EAE-E93227E6C5C5}.Release|Any CPU.Build.0 = Release|Any CPU
		{B9AE262A-631C-4334-8EAE-E93227E6C5C5}.Release|ARM.ActiveCfg = Release|Any CPU
		{B9AE262A-631C-4334-8EAE-E93227E6C5C5}.Release|ARM.Build.0 = Release|Any CPU
		{B9AE262A-631C-4334-8EAE-E93227E6C5C5}.Release|ARM64.ActiveCfg = Release|Any CPU
		{B9AE262A-631C-4334-8EAE-E93227E6C5C5}.Release|ARM64.Build.0 = Release|Any CPU
		{B9AE262A-631C-4334-8EAE-E93227E6C5C5}.Release|x64.ActiveCfg = Release|Any CPU
		{B9AE262A-631C-4334-8EAE-E93227E6C5C5}.Release|x64.Build.0 = Release|Any CPU
		{B9AE262A-631C-4334-8EAE-E93227E6C5C5}.Release|x86.ActiveCfg = Release|Any CPU
		{B9AE262A-631C-4334-8EAE-E93227E6C5C5}.Release|x86.Build.0 = Release|Any CPU
		{8CD74311-8D7A-4E60-B20E-086B972182A3}.Debug|Any CPU.ActiveCfg = Debug|Any CPU
		{8CD74311-8D7A-4E60-B20E-086B972182A3}.Debug|Any CPU.Build.0 = Debug|Any CPU
		{8CD74311-8D7A-4E60-B20E-086B972182A3}.Debug|ARM.ActiveCfg = Debug|Any CPU
		{8CD74311-8D7A-4E60-B20E-086B972182A3}.Debug|ARM.Build.0 = Debug|Any CPU
		{8CD74311-8D7A-4E60-B20E-086B972182A3}.Debug|ARM64.ActiveCfg = Debug|Any CPU
		{8CD74311-8D7A-4E60-B20E-086B972182A3}.Debug|ARM64.Build.0 = Debug|Any CPU
		{8CD74311-8D7A-4E60-B20E-086B972182A3}.Debug|x64.ActiveCfg = Debug|Any CPU
		{8CD74311-8D7A-4E60-B20E-086B972182A3}.Debug|x64.Build.0 = Debug|Any CPU
		{8CD74311-8D7A-4E60-B20E-086B972182A3}.Debug|x86.ActiveCfg = Debug|Any CPU
		{8CD74311-8D7A-4E60-B20E-086B972182A3}.Debug|x86.Build.0 = Debug|Any CPU
		{8CD74311-8D7A-4E60-B20E-086B972182A3}.Release|Any CPU.ActiveCfg = Release|Any CPU
		{8CD74311-8D7A-4E60-B20E-086B972182A3}.Release|Any CPU.Build.0 = Release|Any CPU
		{8CD74311-8D7A-4E60-B20E-086B972182A3}.Release|ARM.ActiveCfg = Release|Any CPU
		{8CD74311-8D7A-4E60-B20E-086B972182A3}.Release|ARM.Build.0 = Release|Any CPU
		{8CD74311-8D7A-4E60-B20E-086B972182A3}.Release|ARM64.ActiveCfg = Release|Any CPU
		{8CD74311-8D7A-4E60-B20E-086B972182A3}.Release|ARM64.Build.0 = Release|Any CPU
		{8CD74311-8D7A-4E60-B20E-086B972182A3}.Release|x64.ActiveCfg = Release|Any CPU
		{8CD74311-8D7A-4E60-B20E-086B972182A3}.Release|x64.Build.0 = Release|Any CPU
		{8CD74311-8D7A-4E60-B20E-086B972182A3}.Release|x86.ActiveCfg = Release|Any CPU
		{8CD74311-8D7A-4E60-B20E-086B972182A3}.Release|x86.Build.0 = Release|Any CPU
	EndGlobalSection
	GlobalSection(SolutionProperties) = preSolution
		HideSolutionNode = FALSE
	EndGlobalSection
	GlobalSection(ExtensibilityGlobals) = postSolution
		SolutionGuid = {65232895-83FE-48F8-909F-72FB3D47CE64}
	EndGlobalSection
EndGlobal
